{
  "nodes": {
    "android-skills": {
      "flake": false,
      "locked": {
        "lastModified": 1781167103,
        "narHash": "sha256-fMbe2E45VtFvIzh6HYKZ1Mqc/E5yc5Ox5jS3JwnVpuE=",
        "owner": "android",
        "repo": "skills",
        "rev": "fe95b6fdf002ece6c7340013623d41d8deec6f52",
        "type": "github"
      },
      "original": {
        "owner": "android",
        "repo": "skills",
        "type": "github"
      }
    },
    "nixpkgs": {
      "locked": {
        "lastModified": 1781577229,
        "narHash": "sha256-lrp67w8AulE9Ks53n27I45ADSzbOCn4H+CNW1Ck8B+8=",
        "owner": "NixOS",
        "repo": "nixpkgs",
        "rev": "567a49d1913ce81ac6e9582e3553dd90a955875f",
        "type": "github"
      },
      "original": {
        "owner": "NixOS",
        "ref": "nixos-unstable",
        "repo": "nixpkgs",
        "type": "github"
      }
    },
    "root": {
      "inputs": {
        "android-skills": "android-skills",
        "nixpkgs": "nixpkgs"
      }
    }
  },
  "root": "root",
  "version": 7
}
